
Microsoft Visual Studio Solution File, Format Version 12.00
# Visual Studio Version 16
VisualStudioVersion = 16.0.28803.156
MinimumVisualStudioVersion = 10.0.40219.1
Project("{9A19103F-16F7-4668-BE54-9A1E7A4F7556}") = "DummyProject", "DummyProject.csproj", "{725A42DE-2E30-4F5A-B08F-127E00101C16}"
EndProject
Project("{9A19103F-16F7-4668-BE54-9A1E7A4F7556}") = "FluentArgs", "..\..\source\FluentArgs\FluentArgs.csproj", "{15C94BB8-3CF8-45A1-927C-08B9EA4F5AB5}"
EndProject
Global
	GlobalSection(SolutionConfigurationPlatforms) = preSolution
		Debug|Any CPU = Debug|Any CPU
		Release|Any CPU = Release|Any CPU
	EndGlobalSection
	GlobalSection(ProjectConfigurationPlatforms) = postSolution
		{725A42DE-2E30-4F5A-B08F-127E00101C16}.Debug|Any CPU.ActiveCfg = Debug|Any CPU
		{725A42DE-2E30-4F5A-B08F-127E00101C16}.Debug|Any CPU.Build.0 = Debug|Any CPU
		{725A42DE-2E30-4F5A-B08F-127E00101C16}.Release|Any CPU.ActiveCfg = Release|Any CPU
		{725A42DE-2E30-4F5A-B08F-127E00101C16}.Release|Any CPU.Build.0 = Release|Any CPU
		{15C94BB8-3CF8-45A1-927C-08B9EA4F5AB5}.Debug|Any CPU.ActiveCfg = Debug|Any CPU
		{15C94BB8-3CF8-45A1-927C-08B9EA4F5AB5}.Debug|Any CPU.Build.0 = Debug|Any CPU
		{15C94BB8-3CF8-45A1-927C-08B9EA4F5AB5}.Release|Any CPU.ActiveCfg = Release|Any CPU
		{15C94BB8-3CF8-45A1-927C-08B9EA4F5AB5}.Release|Any CPU.Build.0 = Release|Any CPU
	EndGlobalSection
	GlobalSection(SolutionProperties) = preSolution
		HideSolutionNode = FALSE
	EndGlobalSection
	GlobalSection(ExtensibilityGlobals) = postSolution
		SolutionGuid = {3C2F85BA-5510-4382-B2E7-9A6477EF1C9A}
	EndGlobalSection
EndGlobal
